
Microsoft Visual Studio Solution File, Format Version 12.00
# Visual Studio 2012
Project("{FAE04EC0-301F-11D3-BF4B-00C04F79EFBC}") = "Engine", "Engine.csproj", "{CA8D2908-59CC-46C0-988E-E54FBA743D41}"
EndProject
Project("{FAE04EC0-301F-11D3-BF4B-00C04F79EFBC}") = "Breakout", "app\Breakout\Breakout.csproj", "{D31B1CEE-8A9B-476C-B0DE-BB645B82DF16}"
EndProject
Global
	GlobalSection(SolutionConfigurationPlatforms) = preSolution
		Debug|Any CPU = Debug|Any CPU
		Release|Any CPU = Release|Any CPU
	EndGlobalSection
	GlobalSection(ProjectConfigurationPlatforms) = postSolution
		{CA8D2908-59CC-46C0-988E-E54FBA743D41}.Debug|Any CPU.ActiveCfg = Release|Any CPU
		{CA8D2908-59CC-46C0-988E-E54FBA743D41}.Debug|Any CPU.Build.0 = Release|Any CPU
		{CA8D2908-59CC-46C0-988E-E54FBA743D41}.Release|Any CPU.ActiveCfg = Release|Any CPU
		{CA8D2908-59CC-46C0-988E-E54FBA743D41}.Release|Any CPU.Build.0 = Release|Any CPU
		{D31B1CEE-8A9B-476C-B0DE-BB645B82DF16}.Debug|Any CPU.ActiveCfg = Release|Any CPU
		{D31B1CEE-8A9B-476C-B0DE-BB645B82DF16}.Debug|Any CPU.Build.0 = Release|Any CPU
		{D31B1CEE-8A9B-476C-B0DE-BB645B82DF16}.Release|Any CPU.ActiveCfg = Release|Any CPU
		{D31B1CEE-8A9B-476C-B0DE-BB645B82DF16}.Release|Any CPU.Build.0 = Release|Any CPU
	EndGlobalSection
	GlobalSection(SolutionProperties) = preSolution
		HideSolutionNode = FALSE
	EndGlobalSection
EndGlobal
